
Microsoft Visual Studio Solution File, Format Version 12.00
# Visual Studio Version 17
VisualStudioVersion = 17.8.34330.188
MinimumVisualStudioVersion = 10.0.40219.1
Project("{888888A0-9F3D-457C-B088-3A5042F75D52}") = "CIS110-Course-Project", "CIS110-Course-Project.pyproj", "{3E32AAE9-B3A3-45D4-AA04-04B8E5C05271}"
EndProject
Global
	GlobalSection(SolutionConfigurationPlatforms) = preSolution
		Debug|Any CPU = Debug|Any CPU
		Release|Any CPU = Release|Any CPU
	EndGlobalSection
	GlobalSection(ProjectConfigurationPlatforms) = postSolution
		{3E32AAE9-B3A3-45D4-AA04-04B8E5C05271}.Debug|Any CPU.ActiveCfg = Debug|Any CPU
		{3E32AAE9-B3A3-45D4-AA04-04B8E5C05271}.Release|Any CPU.ActiveCfg = Release|Any CPU
	EndGlobalSection
	GlobalSection(SolutionProperties) = preSolution
		HideSolutionNode = FALSE
	EndGlobalSection
	GlobalSection(ExtensibilityGlobals) = postSolution
		SolutionGuid = {1B976AFF-3BBA-49C9-A916-5C4E1FC1910D}
	EndGlobalSection
EndGlobal
